
Microsoft Visual Studio Solution File, Format Version 12.00
# Visual Studio Version 17
VisualStudioVersion = 17.6.33723.286
MinimumVisualStudioVersion = 10.0.40219.1
Project("{FAE04EC0-301F-11D3-BF4B-00C04F79EFBC}") = "ASP", "ASP\ASP.csproj", "{DBBB4A89-00FC-47BD-B4B2-80130A9F2FD4}"
EndProject
Global
	GlobalSection(SolutionConfigurationPlatforms) = preSolution
		Debug|Any CPU = Debug|Any CPU
		Release|Any CPU = Release|Any CPU
	EndGlobalSection
	GlobalSection(ProjectConfigurationPlatforms) = postSolution
		{DBBB4A89-00FC-47BD-B4B2-80130A9F2FD4}.Debug|Any CPU.ActiveCfg = Debug|Any CPU
		{DBBB4A89-00FC-47BD-B4B2-80130A9F2FD4}.Debug|Any CPU.Build.0 = Debug|Any CPU
		{DBBB4A89-00FC-47BD-B4B2-80130A9F2FD4}.Release|Any CPU.ActiveCfg = Release|Any CPU
		{DBBB4A89-00FC-47BD-B4B2-80130A9F2FD4}.Release|Any CPU.Build.0 = Release|Any CPU
	EndGlobalSection
	GlobalSection(SolutionProperties) = preSolution
		HideSolutionNode = FALSE
	EndGlobalSection
	GlobalSection(ExtensibilityGlobals) = postSolution
		SolutionGuid = {534F4E0E-EEE2-4171-A339-C66F2254588E}
	EndGlobalSection
EndGlobal
